
Microsoft Visual Studio Solution File, Format Version 12.00
# Visual Studio Version 17
VisualStudioVersion = 17.0.31903.59
MinimumVisualStudioVersion = 10.0.40219.1
Project("{FAE04EC0-301F-11D3-BF4B-00C04F79EFBC}") = "L2Viewer.Wpf", "L2Viewer.Wpf\L2Viewer.Wpf.csproj", "{33EDA968-3506-458E-941D-2C011DD63E28}"
EndProject
Project("{FAE04EC0-301F-11D3-BF4B-00C04F79EFBC}") = "L2Viewer.UnrFile", "L2Viewer.UnrFile\L2Viewer.UnrFile.csproj", "{92E55E6F-86C0-4D79-B8E8-7A16D3EAF765}"
EndProject
Project("{FAE04EC0-301F-11D3-BF4B-00C04F79EFBC}") = "L2Viewer.PackageCore", "L2Viewer.PackageCore\L2Viewer.PackageCore.csproj", "{D17BF6A9-00D0-4B06-A10A-7CCF0A25D587}"
EndProject
Project("{FAE04EC0-301F-11D3-BF4B-00C04F79EFBC}") = "L2Viewer.UtxFile", "L2Viewer.UtxFile\L2Viewer.UtxFile.csproj", "{A6B0AFDE-9556-42D5-8932-147F3AFA14AB}"
EndProject
Project("{FAE04EC0-301F-11D3-BF4B-00C04F79EFBC}") = "L2Viewer.UsxFile", "L2Viewer.UsxFile\L2Viewer.UsxFile.csproj", "{EFC9BF1D-32A5-4779-9BD8-6D16D8322D9A}"
EndProject
Project("{FAE04EC0-301F-11D3-BF4B-00C04F79EFBC}") = "L2Viewer.BspDiagnostics.Wpf", "L2Viewer.BspDiagnostics.Wpf\L2Viewer.BspDiagnostics.Wpf.csproj", "{2E2D45E2-7F55-415B-BE62-FE3D539F2552}"
EndProject
Project("{FAE04EC0-301F-11D3-BF4B-00C04F79EFBC}") = "L2Viewer.SceneDomain", "L2Viewer.SceneDomain\L2Viewer.SceneDomain.csproj", "{447D2E5E-8C49-287E-8DAB-542C1A29DBA1}"
EndProject
Project("{FAE04EC0-301F-11D3-BF4B-00C04F79EFBC}") = "L2Viewer.UkxFile", "L2Viewer.UkxFile\L2Viewer.UkxFile.csproj", "{6D42CB6B-DA19-4D6D-9B96-FA7E1825B56B}"
EndProject
Project("{FAE04EC0-301F-11D3-BF4B-00C04F79EFBC}") = "L2Viewer.DatFile", "L2Viewer.DatFile\L2Viewer.DatFile.csproj", "{A11E2D88-2A37-4E63-BBEE-5E3B57A6A101}"
EndProject
Project("{FAE04EC0-301F-11D3-BF4B-00C04F79EFBC}") = "L2Viewer.UFile", "L2Viewer.UFile\L2Viewer.UFile.csproj", "{B22F3E99-3B48-4F74-CCFF-6F4C68B7B202}"
EndProject
Project("{FAE04EC0-301F-11D3-BF4B-00C04F79EFBC}") = "L2Viewer.DbFile", "L2Viewer.DbFile\L2Viewer.DbFile.csproj", "{E902477A-2208-4C30-9BAF-9652FB245520}"
EndProject
Project("{FAE04EC0-301F-11D3-BF4B-00C04F79EFBC}") = "L2Viewer.SceneDTO", "L2Viewer.SceneDTO\L2Viewer.SceneDTO.csproj", "{CB5F42A1-596E-4B0A-850B-8C93A9A57CA2}"
EndProject
Global
	GlobalSection(SolutionConfigurationPlatforms) = preSolution
		Debug|Any CPU = Debug|Any CPU
		Debug|x64 = Debug|x64
		Debug|x86 = Debug|x86
		Release|Any CPU = Release|Any CPU
		Release|x64 = Release|x64
		Release|x86 = Release|x86
	EndGlobalSection
	GlobalSection(ProjectConfigurationPlatforms) = postSolution
		{33EDA968-3506-458E-941D-2C011DD63E28}.Debug|Any CPU.ActiveCfg = Debug|Any CPU
		{33EDA968-3506-458E-941D-2C011DD63E28}.Debug|Any CPU.Build.0 = Debug|Any CPU
		{33EDA968-3506-458E-941D-2C011DD63E28}.Debug|x64.ActiveCfg = Debug|Any CPU
		{33EDA968-3506-458E-941D-2C011DD63E28}.Debug|x64.Build.0 = Debug|Any CPU
		{33EDA968-3506-458E-941D-2C011DD63E28}.Debug|x86.ActiveCfg = Debug|Any CPU
		{33EDA968-3506-458E-941D-2C011DD63E28}.Debug|x86.Build.0 = Debug|Any CPU
		{33EDA968-3506-458E-941D-2C011DD63E28}.Release|Any CPU.ActiveCfg = Release|Any CPU
		{33EDA968-3506-458E-941D-2C011DD63E28}.Release|Any CPU.Build.0 = Release|Any CPU
		{33EDA968-3506-458E-941D-2C011DD63E28}.Release|x64.ActiveCfg = Release|Any CPU
		{33EDA968-3506-458E-941D-2C011DD63E28}.Release|x64.Build.0 = Release|Any CPU
		{33EDA968-3506-458E-941D-2C011DD63E28}.Release|x86.ActiveCfg = Release|Any CPU
		{33EDA968-3506-458E-941D-2C011DD63E28}.Release|x86.Build.0 = Release|Any CPU
		{92E55E6F-86C0-4D79-B8E8-7A16D3EAF765}.Debug|Any CPU.ActiveCfg = Debug|Any CPU
		{92E55E6F-86C0-4D79-B8E8-7A16D3EAF765}.Debug|Any CPU.Build.0 = Debug|Any CPU
		{92E55E6F-86C0-4D79-B8E8-7A16D3EAF765}.Debug|x64.ActiveCfg = Debug|Any CPU
		{92E55E6F-86C0-4D79-B8E8-7A16D3EAF765}.Debug|x64.Build.0 = Debug|Any CPU
		{92E55E6F-86C0-4D79-B8E8-7A16D3EAF765}.Debug|x86.ActiveCfg = Debug|Any CPU
		{92E55E6F-86C0-4D79-B8E8-7A16D3EAF765}.Debug|x86.Build.0 = Debug|Any CPU
		{92E55E6F-86C0-4D79-B8E8-7A16D3EAF765}.Release|Any CPU.ActiveCfg = Release|Any CPU
		{92E55E6F-86C0-4D79-B8E8-7A16D3EAF765}.Release|Any CPU.Build.0 = Release|Any CPU
		{92E55E6F-86C0-4D79-B8E8-7A16D3EAF765}.Release|x64.ActiveCfg = Release|Any CPU
		{92E55E6F-86C0-4D79-B8E8-7A16D3EAF765}.Release|x64.Build.0 = Release|Any CPU
		{92E55E6F-86C0-4D79-B8E8-7A16D3EAF765}.Release|x86.ActiveCfg = Release|Any CPU
		{92E55E6F-86C0-4D79-B8E8-7A16D3EAF765}.Release|x86.Build.0 = Release|Any CPU
		{D17BF6A9-00D0-4B06-A10A-7CCF0A25D587}.Debug|Any CPU.ActiveCfg = Debug|Any CPU
		{D17BF6A9-00D0-4B06-A10A-7CCF0A25D587}.Debug|Any CPU.Build.0 = Debug|Any CPU
		{D17BF6A9-00D0-4B06-A10A-7CCF0A25D587}.Debug|x64.ActiveCfg = Debug|Any CPU
		{D17BF6A9-00D0-4B06-A10A-7CCF0A25D587}.Debug|x64.Build.0 = Debug|Any CPU
		{D17BF6A9-00D0-4B06-A10A-7CCF0A25D587}.Debug|x86.ActiveCfg = Debug|Any CPU
		{D17BF6A9-00D0-4B06-A10A-7CCF0A25D587}.Debug|x86.Build.0 = Debug|Any CPU
		{D17BF6A9-00D0-4B06-A10A-7CCF0A25D587}.Release|Any CPU.ActiveCfg = Release|Any CPU
		{D17BF6A9-00D0-4B06-A10A-7CCF0A25D587}.Release|Any CPU.Build.0 = Release|Any CPU
		{D17BF6A9-00D0-4B06-A10A-7CCF0A25D587}.Release|x64.ActiveCfg = Release|Any CPU
		{D17BF6A9-00D0-4B06-A10A-7CCF0A25D587}.Release|x64.Build.0 = Release|Any CPU
		{D17BF6A9-00D0-4B06-A10A-7CCF0A25D587}.Release|x86.ActiveCfg = Release|Any CPU
		{D17BF6A9-00D0-4B06-A10A-7CCF0A25D587}.Release|x86.Build.0 = Release|Any CPU
		{A6B0AFDE-9556-42D5-8932-147F3AFA14AB}.Debug|Any CPU.ActiveCfg = Debug|Any CPU
		{A6B0AFDE-9556-42D5-8932-147F3AFA14AB}.Debug|Any CPU.Build.0 = Debug|Any CPU
		{A6B0AFDE-9556-42D5-8932-147F3AFA14AB}.Debug|x64.ActiveCfg = Debug|Any CPU
		{A6B0AFDE-9556-42D5-8932-147F3AFA14AB}.Debug|x64.Build.0 = Debug|Any CPU
		{A6B0AFDE-9556-42D5-8932-147F3AFA14AB}.Debug|x86.ActiveCfg = Debug|Any CPU
		{A6B0AFDE-9556-42D5-8932-147F3AFA14AB}.Debug|x86.Build.0 = Debug|Any CPU
		{A6B0AFDE-9556-42D5-8932-147F3AFA14AB}.Release|Any CPU.ActiveCfg = Release|Any CPU
		{A6B0AFDE-9556-42D5-8932-147F3AFA14AB}.Release|Any CPU.Build.0 = Release|Any CPU
		{A6B0AFDE-9556-42D5-8932-147F3AFA14AB}.Release|x64.ActiveCfg = Release|Any CPU
		{A6B0AFDE-9556-42D5-8932-147F3AFA14AB}.Release|x64.Build.0 = Release|Any CPU
		{A6B0AFDE-9556-42D5-8932-147F3AFA14AB}.Release|x86.ActiveCfg = Release|Any CPU
		{A6B0AFDE-9556-42D5-8932-147F3AFA14AB}.Release|x86.Build.0 = Release|Any CPU
		{EFC9BF1D-32A5-4779-9BD8-6D16D8322D9A}.Debug|Any CPU.ActiveCfg = Debug|Any CPU
		{EFC9BF1D-32A5-4779-9BD8-6D16D8322D9A}.Debug|Any CPU.Build.0 = Debug|Any CPU
		{EFC9BF1D-32A5-4779-9BD8-6D16D8322D9A}.Debug|x64.ActiveCfg = Debug|Any CPU
		{EFC9BF1D-32A5-4779-9BD8-6D16D8322D9A}.Debug|x64.Build.0 = Debug|Any CPU
		{EFC9BF1D-32A5-4779-9BD8-6D16D8322D9A}.Debug|x86.ActiveCfg = Debug|Any CPU
		{EFC9BF1D-32A5-4779-9BD8-6D16D8322D9A}.Debug|x86.Build.0 = Debug|Any CPU
		{EFC9BF1D-32A5-4779-9BD8-6D16D8322D9A}.Release|Any CPU.ActiveCfg = Release|Any CPU
		{EFC9BF1D-32A5-4779-9BD8-6D16D8322D9A}.Release|Any CPU.Build.0 = Release|Any CPU
		{EFC9BF1D-32A5-4779-9BD8-6D16D8322D9A}.Release|x64.ActiveCfg = Release|Any CPU
		{EFC9BF1D-32A5-4779-9BD8-6D16D8322D9A}.Release|x64.Build.0 = Release|Any CPU
		{EFC9BF1D-32A5-4779-9BD8-6D16D8322D9A}.Release|x86.ActiveCfg = Release|Any CPU
		{EFC9BF1D-32A5-4779-9BD8-6D16D8322D9A}.Release|x86.Build.0 = Release|Any CPU
		{2E2D45E2-7F55-415B-BE62-FE3D539F2552}.Debug|Any CPU.ActiveCfg = Debug|Any CPU
		{2E2D45E2-7F55-415B-BE62-FE3D539F2552}.Debug|Any CPU.Build.0 = Debug|Any CPU
		{2E2D45E2-7F55-415B-BE62-FE3D539F2552}.Debug|x64.ActiveCfg = Debug|Any CPU
		{2E2D45E2-7F55-415B-BE62-FE3D539F2552}.Debug|x64.Build.0 = Debug|Any CPU
		{2E2D45E2-7F55-415B-BE62-FE3D539F2552}.Debug|x86.ActiveCfg = Debug|Any CPU
		{2E2D45E2-7F55-415B-BE62-FE3D539F2552}.Debug|x86.Build.0 = Debug|Any CPU
		{2E2D45E2-7F55-415B-BE62-FE3D539F2552}.Release|Any CPU.ActiveCfg = Release|Any CPU
		{2E2D45E2-7F55-415B-BE62-FE3D539F2552}.Release|Any CPU.Build.0 = Release|Any CPU
		{2E2D45E2-7F55-415B-BE62-FE3D539F2552}.Release|x64.ActiveCfg = Release|Any CPU
		{2E2D45E2-7F55-415B-BE62-FE3D539F2552}.Release|x64.Build.0 = Release|Any CPU
		{2E2D45E2-7F55-415B-BE62-FE3D539F2552}.Release|x86.ActiveCfg = Release|Any CPU
		{2E2D45E2-7F55-415B-BE62-FE3D539F2552}.Release|x86.Build.0 = Release|Any CPU
		{447D2E5E-8C49-287E-8DAB-542C1A29DBA1}.Debug|Any CPU.ActiveCfg = Debug|Any CPU
		{447D2E5E-8C49-287E-8DAB-542C1A29DBA1}.Debug|Any CPU.Build.0 = Debug|Any CPU
		{447D2E5E-8C49-287E-8DAB-542C1A29DBA1}.Debug|x64.ActiveCfg = Debug|Any CPU
		{447D2E5E-8C49-287E-8DAB-542C1A29DBA1}.Debug|x64.Build.0 = Debug|Any CPU
		{447D2E5E-8C49-287E-8DAB-542C1A29DBA1}.Debug|x86.ActiveCfg = Debug|Any CPU
		{447D2E5E-8C49-287E-8DAB-542C1A29DBA1}.Debug|x86.Build.0 = Debug|Any CPU
		{447D2E5E-8C49-287E-8DAB-542C1A29DBA1}.Release|Any CPU.ActiveCfg = Release|Any CPU
		{447D2E5E-8C49-287E-8DAB-542C1A29DBA1}.Release|Any CPU.Build.0 = Release|Any CPU
		{447D2E5E-8C49-287E-8DAB-542C1A29DBA1}.Release|x64.ActiveCfg = Release|Any CPU
		{447D2E5E-8C49-287E-8DAB-542C1A29DBA1}.Release|x64.Build.0 = Release|Any CPU
		{447D2E5E-8C49-287E-8DAB-542C1A29DBA1}.Release|x86.ActiveCfg = Release|Any CPU
		{447D2E5E-8C49-287E-8DAB-542C1A29DBA1}.Release|x86.Build.0 = Release|Any CPU
		{6D42CB6B-DA19-4D6D-9B96-FA7E1825B56B}.Debug|Any CPU.ActiveCfg = Debug|Any CPU
		{6D42CB6B-DA19-4D6D-9B96-FA7E1825B56B}.Debug|Any CPU.Build.0 = Debug|Any CPU
		{6D42CB6B-DA19-4D6D-9B96-FA7E1825B56B}.Debug|x64.ActiveCfg = Debug|Any CPU
		{6D42CB6B-DA19-4D6D-9B96-FA7E1825B56B}.Debug|x64.Build.0 = Debug|Any CPU
		{6D42CB6B-DA19-4D6D-9B96-FA7E1825B56B}.Debug|x86.ActiveCfg = Debug|Any CPU
		{6D42CB6B-DA19-4D6D-9B96-FA7E1825B56B}.Debug|x86.Build.0 = Debug|Any CPU
		{6D42CB6B-DA19-4D6D-9B96-FA7E1825B56B}.Release|Any CPU.ActiveCfg = Release|Any CPU
		{6D42CB6B-DA19-4D6D-9B96-FA7E1825B56B}.Release|Any CPU.Build.0 = Release|Any CPU
		{6D42CB6B-DA19-4D6D-9B96-FA7E1825B56B}.Release|x64.ActiveCfg = Release|Any CPU
		{6D42CB6B-DA19-4D6D-9B96-FA7E1825B56B}.Release|x64.Build.0 = Release|Any CPU
		{6D42CB6B-DA19-4D6D-9B96-FA7E1825B56B}.Release|x86.ActiveCfg = Release|Any CPU
		{6D42CB6B-DA19-4D6D-9B96-FA7E1825B56B}.Release|x86.Build.0 = Release|Any CPU
		{A11E2D88-2A37-4E63-BBEE-5E3B57A6A101}.Debug|Any CPU.ActiveCfg = Debug|Any CPU
		{A11E2D88-2A37-4E63-BBEE-5E3B57A6A101}.Debug|Any CPU.Build.0 = Debug|Any CPU
		{A11E2D88-2A37-4E63-BBEE-5E3B57A6A101}.Debug|x64.ActiveCfg = Debug|Any CPU
		{A11E2D88-2A37-4E63-BBEE-5E3B57A6A101}.Debug|x64.Build.0 = Debug|Any CPU
		{A11E2D88-2A37-4E63-BBEE-5E3B57A6A101}.Debug|x86.ActiveCfg = Debug|Any CPU
		{A11E2D88-2A37-4E63-BBEE-5E3B57A6A101}.Debug|x86.Build.0 = Debug|Any CPU
		{A11E2D88-2A37-4E63-BBEE-5E3B57A6A101}.Release|Any CPU.ActiveCfg = Release|Any CPU
		{A11E2D88-2A37-4E63-BBEE-5E3B57A6A101}.Release|Any CPU.Build.0 = Release|Any CPU
		{A11E2D88-2A37-4E63-BBEE-5E3B57A6A101}.Release|x64.ActiveCfg = Release|Any CPU
		{A11E2D88-2A37-4E63-BBEE-5E3B57A6A101}.Release|x64.Build.0 = Release|Any CPU
		{A11E2D88-2A37-4E63-BBEE-5E3B57A6A101}.Release|x86.ActiveCfg = Release|Any CPU
		{A11E2D88-2A37-4E63-BBEE-5E3B57A6A101}.Release|x86.Build.0 = Release|Any CPU
		{B22F3E99-3B48-4F74-CCFF-6F4C68B7B202}.Debug|Any CPU.ActiveCfg = Debug|Any CPU
		{B22F3E99-3B48-4F74-CCFF-6F4C68B7B202}.Debug|Any CPU.Build.0 = Debug|Any CPU
		{B22F3E99-3B48-4F74-CCFF-6F4C68B7B202}.Debug|x64.ActiveCfg = Debug|Any CPU
		{B22F3E99-3B48-4F74-CCFF-6F4C68B7B202}.Debug|x64.Build.0 = Debug|Any CPU
		{B22F3E99-3B48-4F74-CCFF-6F4C68B7B202}.Debug|x86.ActiveCfg = Debug|Any CPU
		{B22F3E99-3B48-4F74-CCFF-6F4C68B7B202}.Debug|x86.Build.0 = Debug|Any CPU
		{B22F3E99-3B48-4F74-CCFF-6F4C68B7B202}.Release|Any CPU.ActiveCfg = Release|Any CPU
		{B22F3E99-3B48-4F74-CCFF-6F4C68B7B202}.Release|Any CPU.Build.0 = Release|Any CPU
		{B22F3E99-3B48-4F74-CCFF-6F4C68B7B202}.Release|x64.ActiveCfg = Release|Any CPU
		{B22F3E99-3B48-4F74-CCFF-6F4C68B7B202}.Release|x64.Build.0 = Release|Any CPU
		{B22F3E99-3B48-4F74-CCFF-6F4C68B7B202}.Release|x86.ActiveCfg = Release|Any CPU
		{B22F3E99-3B48-4F74-CCFF-6F4C68B7B202}.Release|x86.Build.0 = Release|Any CPU
		{E902477A-2208-4C30-9BAF-9652FB245520}.Debug|Any CPU.ActiveCfg = Debug|Any CPU
		{E902477A-2208-4C30-9BAF-9652FB245520}.Debug|Any CPU.Build.0 = Debug|Any CPU
		{E902477A-2208-4C30-9BAF-9652FB245520}.Debug|x64.ActiveCfg = Debug|Any CPU
		{E902477A-2208-4C30-9BAF-9652FB245520}.Debug|x64.Build.0 = Debug|Any CPU
		{E902477A-2208-4C30-9BAF-9652FB245520}.Debug|x86.ActiveCfg = Debug|Any CPU
		{E902477A-2208-4C30-9BAF-9652FB245520}.Debug|x86.Build.0 = Debug|Any CPU
		{E902477A-2208-4C30-9BAF-9652FB245520}.Release|Any CPU.ActiveCfg = Release|Any CPU
		{E902477A-2208-4C30-9BAF-9652FB245520}.Release|Any CPU.Build.0 = Release|Any CPU
		{E902477A-2208-4C30-9BAF-9652FB245520}.Release|x64.ActiveCfg = Release|Any CPU
		{E902477A-2208-4C30-9BAF-9652FB245520}.Release|x64.Build.0 = Release|Any CPU
		{E902477A-2208-4C30-9BAF-9652FB245520}.Release|x86.ActiveCfg = Release|Any CPU
		{E902477A-2208-4C30-9BAF-9652FB245520}.Release|x86.Build.0 = Release|Any CPU
		{CB5F42A1-596E-4B0A-850B-8C93A9A57CA2}.Debug|Any CPU.ActiveCfg = Debug|Any CPU
		{CB5F42A1-596E-4B0A-850B-8C93A9A57CA2}.Debug|Any CPU.Build.0 = Debug|Any CPU
		{CB5F42A1-596E-4B0A-850B-8C93A9A57CA2}.Debug|x64.ActiveCfg = Debug|Any CPU
		{CB5F42A1-596E-4B0A-850B-8C93A9A57CA2}.Debug|x64.Build.0 = Debug|Any CPU
		{CB5F42A1-596E-4B0A-850B-8C93A9A57CA2}.Debug|x86.ActiveCfg = Debug|Any CPU
		{CB5F42A1-596E-4B0A-850B-8C93A9A57CA2}.Debug|x86.Build.0 = Debug|Any CPU
		{CB5F42A1-596E-4B0A-850B-8C93A9A57CA2}.Release|Any CPU.ActiveCfg = Release|Any CPU
		{CB5F42A1-596E-4B0A-850B-8C93A9A57CA2}.Release|Any CPU.Build.0 = Release|Any CPU
		{CB5F42A1-596E-4B0A-850B-8C93A9A57CA2}.Release|x64.ActiveCfg = Release|Any CPU
		{CB5F42A1-596E-4B0A-850B-8C93A9A57CA2}.Release|x64.Build.0 = Release|Any CPU
		{CB5F42A1-596E-4B0A-850B-8C93A9A57CA2}.Release|x86.ActiveCfg = Release|Any CPU
		{CB5F42A1-596E-4B0A-850B-8C93A9A57CA2}.Release|x86.Build.0 = Release|Any CPU
	EndGlobalSection
	GlobalSection(SolutionProperties) = preSolution
		HideSolutionNode = FALSE
	EndGlobalSection
	GlobalSection(ExtensibilityGlobals) = postSolution
		SolutionGuid = {7DFFC477-A95C-4AA0-BF84-FD16682C3477}
	EndGlobalSection
EndGlobal
